
Microsoft Visual Studio Solution File, Format Version 12.00
# Visual Studio 15
VisualStudioVersion = 15.0.28307.168
MinimumVisualStudioVersion = 10.0.40219.1
Project("{9A19103F-16F7-4668-BE54-9A1E7A4F7556}") = "WindowsBootAnalyzer", "WindowsBootAnalyzer\WindowsBootAnalyzer.csproj", "{94AFCC47-3D7B-4675-888F-D90326AEBB37}"
EndProject
Project("{FAE04EC0-301F-11D3-BF4B-00C04F79EFBC}") = "OfflinePrepare", "OfflinePrepare\OfflinePrepare.csproj", "{A8CD303E-0E46-43B0-8EDD-B26F4D7AB00E}"
EndProject
Global
	GlobalSection(SolutionConfigurationPlatforms) = preSolution
		Debug|Any CPU = Debug|Any CPU
		Release|Any CPU = Release|Any CPU
	EndGlobalSection
	GlobalSection(ProjectConfigurationPlatforms) = postSolution
		{94AFCC47-3D7B-4675-888F-D90326AEBB37}.Debug|Any CPU.ActiveCfg = Debug|Any CPU
		{94AFCC47-3D7B-4675-888F-D90326AEBB37}.Debug|Any CPU.Build.0 = Debug|Any CPU
		{94AFCC47-3D7B-4675-888F-D90326AEBB37}.Release|Any CPU.ActiveCfg = Release|Any CPU
		{94AFCC47-3D7B-4675-888F-D90326AEBB37}.Release|Any CPU.Build.0 = Release|Any CPU
		{A8CD303E-0E46-43B0-8EDD-B26F4D7AB00E}.Debug|Any CPU.ActiveCfg = Debug|Any CPU
		{A8CD303E-0E46-43B0-8EDD-B26F4D7AB00E}.Debug|Any CPU.Build.0 = Debug|Any CPU
		{A8CD303E-0E46-43B0-8EDD-B26F4D7AB00E}.Release|Any CPU.ActiveCfg = Release|Any CPU
		{A8CD303E-0E46-43B0-8EDD-B26F4D7AB00E}.Release|Any CPU.Build.0 = Release|Any CPU
	EndGlobalSection
	GlobalSection(SolutionProperties) = preSolution
		HideSolutionNode = FALSE
	EndGlobalSection
	GlobalSection(ExtensibilityGlobals) = postSolution
		SolutionGuid = {7124A4FF-FE5D-4268-A39B-78B348C3AE68}
	EndGlobalSection
EndGlobal
